<?xml version="1.0" encoding="utf-8"?>
<Project ToolsVersion="4.0" xmlns="http://schemas.microsoft.com/developer/msbuild/2003">
  <ItemGroup>
    <Filter Include="Source">
      <UniqueIdentifier>{4FC737F1-C7A5-4376-A066-2A32D752A2FF}</UniqueIdentifier>
      <Extensions>cpp;c;cc;cxx;c++;cppm;ixx;def;odl;idl;hpj;bat;asm;asmx</Extensions>
    </Filter>
    <Filter Include="Header">
      <UniqueIdentifier>{93995380-89BD-4b04-88EB-625FBE52EBFB}</UniqueIdentifier>
      <Extensions>h;hh;hpp;hxx;h++;hm;inl;inc;ipp;xsd</Extensions>
    </Filter>
    <Filter Include="Resources">
      <UniqueIdentifier>{67DA6AB6-F800-4c08-8B7A-83BB121AAD01}</UniqueIdentifier>
      <Extensions>rc;ico;cur;bmp;dlg;rc2;rct;bin;rgs;gif;jpg;jpeg;jpe;resx;tiff;tif;png;wav;mfcribbon-ms</Extensions>
    </Filter>
  </ItemGroup>
  <ItemGroup>
    <ClCompile Include="Source\Core\Object\GameObject.cpp">
      <Filter>Source</Filter>
    </ClCompile>
    <ClCompile Include="Source\UnitTest\UnitTester.cpp">
      <Filter>Source</Filter>
    </ClCompile>
    <ClCompile Include="Source\UnitTest\UnitTestProxy.cpp">
      <Filter>Source</Filter>
    </ClCompile>
    <ClCompile Include="Source\Core\Application.cpp">
      <Filter>Source</Filter>
    </ClCompile>
  </ItemGroup>
  <ItemGroup>
    <ClInclude Include="Source\Core\Object\GameObject.h">
      <Filter>Header</Filter>
    </ClInclude>
    <ClInclude Include="Source\Core\CoreMinimal.h">
      <Filter>Header</Filter>
    </ClInclude>
    <ClInclude Include="Source\Core\GarbageCollection\GarbageCollector.h">
      <Filter>Header</Filter>
    </ClInclude>
    <ClInclude Include="Source\UnitTest\TestCaseBase.h">
      <Filter>Header</Filter>
    </ClInclude>
    <ClInclude Include="Source\UnitTest\UnitTester.h">
      <Filter>Header</Filter>
    </ClInclude>
    <ClInclude Include="Source\UnitTest\UnitTestProxy.h">
      <Filter>Header</Filter>
    </ClInclude>
    <ClInclude Include="Source\Core\FunctionTimer.h">
      <Filter>Header</Filter>
    </ClInclude>
    <ClInclude Include="Source\Core\SmartPointer\UniquePtr.h">
      <Filter>Header</Filter>
    </ClInclude>
    <ClInclude Include="Source\Core\Application.h">
      <Filter>Header</Filter>
    </ClInclude>
    <ClInclude Include="Source\Engine.h">
      <Filter>Header</Filter>
    </ClInclude>
    <ClInclude Include="Source\Core\SmartPointer\CSharedPtr.h">
      <Filter>Header</Filter>
    </ClInclude>
  </ItemGroup>
</Project>